
Microsoft Visual Studio Solution File, Format Version 12.00
# Visual Studio Version 16
VisualStudioVersion = 16.0.30413.136
MinimumVisualStudioVersion = 10.0.40219.1
Project("{9A19103F-16F7-4668-BE54-9A1E7A4F7556}") = "rna", "rna.csproj", "{B2054226-B557-489C-882E-BBFBCFE3FC2C}"
EndProject
Project("{FAE04EC0-301F-11D3-BF4B-00C04F79EFBC}") = "rna.fann", "..\rna.fann\rna.fann.csproj", "{55EBDEA3-7A92-4906-8A90-AE2F335BFA19}"
EndProject
Global
	GlobalSection(SolutionConfigurationPlatforms) = preSolution
		Debug|Any CPU = Debug|Any CPU
		Release|Any CPU = Release|Any CPU
	EndGlobalSection
	GlobalSection(ProjectConfigurationPlatforms) = postSolution
		{B2054226-B557-489C-882E-BBFBCFE3FC2C}.Debug|Any CPU.ActiveCfg = Debug|Any CPU
		{B2054226-B557-489C-882E-BBFBCFE3FC2C}.Debug|Any CPU.Build.0 = Debug|Any CPU
		{B2054226-B557-489C-882E-BBFBCFE3FC2C}.Release|Any CPU.ActiveCfg = Release|Any CPU
		{B2054226-B557-489C-882E-BBFBCFE3FC2C}.Release|Any CPU.Build.0 = Release|Any CPU
		{55EBDEA3-7A92-4906-8A90-AE2F335BFA19}.Debug|Any CPU.ActiveCfg = Debug|Any CPU
		{55EBDEA3-7A92-4906-8A90-AE2F335BFA19}.Debug|Any CPU.Build.0 = Debug|Any CPU
		{55EBDEA3-7A92-4906-8A90-AE2F335BFA19}.Release|Any CPU.ActiveCfg = Release|Any CPU
		{55EBDEA3-7A92-4906-8A90-AE2F335BFA19}.Release|Any CPU.Build.0 = Release|Any CPU
	EndGlobalSection
	GlobalSection(SolutionProperties) = preSolution
		HideSolutionNode = FALSE
	EndGlobalSection
	GlobalSection(ExtensibilityGlobals) = postSolution
		SolutionGuid = {ADC0F5DD-286F-45A9-A2E5-2BC656831477}
	EndGlobalSection
EndGlobal
